
Microsoft Visual Studio Solution File, Format Version 12.00
Project("{FAE04EC0-301F-11D3-BF4B-00C04F79EFBC}") = "WeddingWebsite", "WeddingWebsite.csproj", "{993D611D-9062-4C64-8436-663C4D9A129D}"
EndProject
Global
	GlobalSection(SolutionConfigurationPlatforms) = preSolution
		Debug|Any CPU = Debug|Any CPU
		Release|Any CPU = Release|Any CPU
	EndGlobalSection
	GlobalSection(ProjectConfigurationPlatforms) = postSolution
		{993D611D-9062-4C64-8436-663C4D9A129D}.Debug|Any CPU.ActiveCfg = Debug|Any CPU
		{993D611D-9062-4C64-8436-663C4D9A129D}.Debug|Any CPU.Build.0 = Debug|Any CPU
		{993D611D-9062-4C64-8436-663C4D9A129D}.Release|Any CPU.ActiveCfg = Release|Any CPU
		{993D611D-9062-4C64-8436-663C4D9A129D}.Release|Any CPU.Build.0 = Release|Any CPU
	EndGlobalSection
EndGlobal
